Microsoft Visual Studio Solution File, Format Version 12.00
# Visual Studio 14
VisualStudioVersion = 14.0.25420.1
MinimumVisualStudioVersion = 10.0.40219.1
Project("{8BC9CEB8-8B4A-11D0-8D11-00A0C91BC942}") = "googleQt", "googleQt.vcxproj", "{927AEC85-5339-30E2-A879-449974854700}"
EndProject
Project("{8BC9CEB8-8B4A-11D0-8D11-00A0C91BC942}") = "autotest", "..\autotest\autotest.vcxproj", "{471695A9-55AE-36DE-BA05-2C8A97BB2034}"
EndProject
Project("{8BC9CEB8-8B4A-11D0-8D11-00A0C91BC942}") = "authorize", "..\examples\authorize\authorize.vcxproj", "{2367FA13-B104-3965-8F10-1649EDC0ED3B}"
EndProject
Project("{8BC9CEB8-8B4A-11D0-8D11-00A0C91BC942}") = "gmailbash", "..\examples\gmailbash\gmailbash.vcxproj", "{6FBA6593-31BB-3580-B85C-D91627E7B638}"
EndProject
Project("{8BC9CEB8-8B4A-11D0-8D11-00A0C91BC942}") = "gtaskbash", "..\examples\gtaskbash\gtaskbash.vcxproj", "{9503D17D-EA5C-30E2-9A00-C2624DDEA91B}"
EndProject
Project("{8BC9CEB8-8B4A-11D0-8D11-00A0C91BC942}") = "gdrivebash", "..\examples\gdrivebash\gdrivebash.vcxproj", "{2A801B36-A39F-3E0F-8A95-102787407AC6}"
EndProject
Project("{8BC9CEB8-8B4A-11D0-8D11-00A0C91BC942}") = "gcontactbash", "..\examples\gcontactbash\gcontactbash.vcxproj", "{C7A2A83B-50FD-37EF-8B8C-B0883B1D5990}"
EndProject
Global
	GlobalSection(SolutionConfigurationPlatforms) = preSolution
		Debug|Win32 = Debug|Win32
		Debug|x64 = Debug|x64
		Release|Win32 = Release|Win32
		Release|x64 = Release|x64
	EndGlobalSection
	GlobalSection(ProjectConfigurationPlatforms) = postSolution
		{927AEC85-5339-30E2-A879-449974854700}.Debug|Win32.ActiveCfg = Debug|Win32
		{927AEC85-5339-30E2-A879-449974854700}.Debug|Win32.Build.0 = Debug|Win32
		{927AEC85-5339-30E2-A879-449974854700}.Debug|x64.ActiveCfg = Debug|Win32
		{927AEC85-5339-30E2-A879-449974854700}.Release|Win32.ActiveCfg = Release|Win32
		{927AEC85-5339-30E2-A879-449974854700}.Release|Win32.Build.0 = Release|Win32
		{927AEC85-5339-30E2-A879-449974854700}.Release|x64.ActiveCfg = Release|Win32
		{471695A9-55AE-36DE-BA05-2C8A97BB2034}.Debug|Win32.ActiveCfg = Debug|Win32
		{471695A9-55AE-36DE-BA05-2C8A97BB2034}.Debug|Win32.Build.0 = Debug|Win32
		{471695A9-55AE-36DE-BA05-2C8A97BB2034}.Debug|x64.ActiveCfg = Debug|Win32
		{471695A9-55AE-36DE-BA05-2C8A97BB2034}.Release|Win32.ActiveCfg = Release|Win32
		{471695A9-55AE-36DE-BA05-2C8A97BB2034}.Release|Win32.Build.0 = Release|Win32
		{471695A9-55AE-36DE-BA05-2C8A97BB2034}.Release|x64.ActiveCfg = Release|Win32
		{2367FA13-B104-3965-8F10-1649EDC0ED3B}.Debug|Win32.ActiveCfg = Debug|Win32
		{2367FA13-B104-3965-8F10-1649EDC0ED3B}.Debug|Win32.Build.0 = Debug|Win32
		{2367FA13-B104-3965-8F10-1649EDC0ED3B}.Debug|x64.ActiveCfg = Debug|Win32
		{2367FA13-B104-3965-8F10-1649EDC0ED3B}.Release|Win32.ActiveCfg = Release|Win32
		{2367FA13-B104-3965-8F10-1649EDC0ED3B}.Release|Win32.Build.0 = Release|Win32
		{2367FA13-B104-3965-8F10-1649EDC0ED3B}.Release|x64.ActiveCfg = Release|Win32
		{6FBA6593-31BB-3580-B85C-D91627E7B638}.Debug|Win32.ActiveCfg = Debug|Win32
		{6FBA6593-31BB-3580-B85C-D91627E7B638}.Debug|Win32.Build.0 = Debug|Win32
		{6FBA6593-31BB-3580-B85C-D91627E7B638}.Debug|x64.ActiveCfg = Debug|Win32
		{6FBA6593-31BB-3580-B85C-D91627E7B638}.Release|Win32.ActiveCfg = Release|Win32
		{6FBA6593-31BB-3580-B85C-D91627E7B638}.Release|Win32.Build.0 = Release|Win32
		{6FBA6593-31BB-3580-B85C-D91627E7B638}.Release|x64.ActiveCfg = Release|Win32
		{9503D17D-EA5C-30E2-9A00-C2624DDEA91B}.Debug|Win32.ActiveCfg = Debug|Win32
		{9503D17D-EA5C-30E2-9A00-C2624DDEA91B}.Debug|Win32.Build.0 = Debug|Win32
		{9503D17D-EA5C-30E2-9A00-C2624DDEA91B}.Debug|x64.ActiveCfg = Debug|Win32
		{9503D17D-EA5C-30E2-9A00-C2624DDEA91B}.Release|Win32.ActiveCfg = Release|Win32
		{9503D17D-EA5C-30E2-9A00-C2624DDEA91B}.Release|Win32.Build.0 = Release|Win32
		{9503D17D-EA5C-30E2-9A00-C2624DDEA91B}.Release|x64.ActiveCfg = Release|Win32
		{2A801B36-A39F-3E0F-8A95-102787407AC6}.Debug|Win32.ActiveCfg = Debug|Win32
		{2A801B36-A39F-3E0F-8A95-102787407AC6}.Debug|Win32.Build.0 = Debug|Win32
		{2A801B36-A39F-3E0F-8A95-102787407AC6}.Debug|x64.ActiveCfg = Debug|Win32
		{2A801B36-A39F-3E0F-8A95-102787407AC6}.Release|Win32.ActiveCfg = Release|Win32
		{2A801B36-A39F-3E0F-8A95-102787407AC6}.Release|Win32.Build.0 = Release|Win32
		{2A801B36-A39F-3E0F-8A95-102787407AC6}.Release|x64.ActiveCfg = Release|Win32
		{C7A2A83B-50FD-37EF-8B8C-B0883B1D5990}.Debug|Win32.ActiveCfg = Debug|Win32
		{C7A2A83B-50FD-37EF-8B8C-B0883B1D5990}.Debug|Win32.Build.0 = Debug|Win32
		{C7A2A83B-50FD-37EF-8B8C-B0883B1D5990}.Debug|x64.ActiveCfg = Debug|Win32
		{C7A2A83B-50FD-37EF-8B8C-B0883B1D5990}.Release|Win32.ActiveCfg = Release|Win32
		{C7A2A83B-50FD-37EF-8B8C-B0883B1D5990}.Release|Win32.Build.0 = Release|Win32
		{C7A2A83B-50FD-37EF-8B8C-B0883B1D5990}.Release|x64.ActiveCfg = Release|Win32
	EndGlobalSection
	GlobalSection(SolutionProperties) = preSolution
		HideSolutionNode = FALSE
	EndGlobalSection
EndGlobal
